
Microsoft Visual Studio Solution File, Format Version 12.00
# Visual Studio Version 17
VisualStudioVersion = 17.11.35222.181
MinimumVisualStudioVersion = 10.0.40219.1
Project("{FAE04EC0-301F-11D3-BF4B-00C04F79EFBC}") = "Week4Loops", "Week4Loops\Week4Loops.csproj", "{8E97EA9A-D4B4-4DF4-9DF7-51C7727E5108}"
EndProject
Project("{FAE04EC0-301F-11D3-BF4B-00C04F79EFBC}") = "ForLoopSum", "ForLoopSum\ForLoopSum.csproj", "{5CECD7B9-85A1-4963-9629-9EF2720987AA}"
EndProject
Project("{FAE04EC0-301F-11D3-BF4B-00C04F79EFBC}") = "RandomNumber", "RandomNumber\RandomNumber.csproj", "{548A22AF-B858-41C9-9639-3CDA651FFAA5}"
EndProject
Project("{FAE04EC0-301F-11D3-BF4B-00C04F79EFBC}") = "WhileLoops", "WhileLoops\WhileLoops.csproj", "{58F785ED-CDE1-4CDC-9FA0-6D4A426DEDFA}"
EndProject
Global
	GlobalSection(SolutionConfigurationPlatforms) = preSolution
		Debug|Any CPU = Debug|Any CPU
		Release|Any CPU = Release|Any CPU
	EndGlobalSection
	GlobalSection(ProjectConfigurationPlatforms) = postSolution
		{8E97EA9A-D4B4-4DF4-9DF7-51C7727E5108}.Debug|Any CPU.ActiveCfg = Debug|Any CPU
		{8E97EA9A-D4B4-4DF4-9DF7-51C7727E5108}.Debug|Any CPU.Build.0 = Debug|Any CPU
		{8E97EA9A-D4B4-4DF4-9DF7-51C7727E5108}.Release|Any CPU.ActiveCfg = Release|Any CPU
		{8E97EA9A-D4B4-4DF4-9DF7-51C7727E5108}.Release|Any CPU.Build.0 = Release|Any CPU
		{5CECD7B9-85A1-4963-9629-9EF2720987AA}.Debug|Any CPU.ActiveCfg = Debug|Any CPU
		{5CECD7B9-85A1-4963-9629-9EF2720987AA}.Debug|Any CPU.Build.0 = Debug|Any CPU
		{5CECD7B9-85A1-4963-9629-9EF2720987AA}.Release|Any CPU.ActiveCfg = Release|Any CPU
		{5CECD7B9-85A1-4963-9629-9EF2720987AA}.Release|Any CPU.Build.0 = Release|Any CPU
		{548A22AF-B858-41C9-9639-3CDA651FFAA5}.Debug|Any CPU.ActiveCfg = Debug|Any CPU
		{548A22AF-B858-41C9-9639-3CDA651FFAA5}.Debug|Any CPU.Build.0 = Debug|Any CPU
		{548A22AF-B858-41C9-9639-3CDA651FFAA5}.Release|Any CPU.ActiveCfg = Release|Any CPU
		{548A22AF-B858-41C9-9639-3CDA651FFAA5}.Release|Any CPU.Build.0 = Release|Any CPU
		{58F785ED-CDE1-4CDC-9FA0-6D4A426DEDFA}.Debug|Any CPU.ActiveCfg = Debug|Any CPU
		{58F785ED-CDE1-4CDC-9FA0-6D4A426DEDFA}.Debug|Any CPU.Build.0 = Debug|Any CPU
		{58F785ED-CDE1-4CDC-9FA0-6D4A426DEDFA}.Release|Any CPU.ActiveCfg = Release|Any CPU
		{58F785ED-CDE1-4CDC-9FA0-6D4A426DEDFA}.Release|Any CPU.Build.0 = Release|Any CPU
	EndGlobalSection
	GlobalSection(SolutionProperties) = preSolution
		HideSolutionNode = FALSE
	EndGlobalSection
	GlobalSection(ExtensibilityGlobals) = postSolution
		SolutionGuid = {109CC0F1-5E8B-4B68-9398-AA8C22749125}
	EndGlobalSection
EndGlobal
